
Microsoft Visual Studio Solution File, Format Version 12.00
# Visual Studio Version 16
VisualStudioVersion = 16.0.29613.14
MinimumVisualStudioVersion = 10.0.40219.1
Project("{FAE04EC0-301F-11D3-BF4B-00C04F79EFBC}") = "RadarProcess", "RadarProcess\RadarProcess.csproj", "{DAB47F7E-6AE1-4EF6-925D-05AAC25562C9}"
EndProject
Project("{FAE04EC0-301F-11D3-BF4B-00C04F79EFBC}") = "YaoCeProcess", "YaoCeProcess\YaoCeProcess.csproj", "{5686178F-5EA8-434D-ACCC-B524D1D1115E}"
EndProject
Project("{FAE04EC0-301F-11D3-BF4B-00C04F79EFBC}") = "RadarSimulator", "RadarSimulator\RadarSimulator.csproj", "{8CC4596B-7D9A-46D9-88BC-928F35137E8C}"
EndProject
Global
	GlobalSection(SolutionConfigurationPlatforms) = preSolution
		Debug|Any CPU = Debug|Any CPU
		Release|Any CPU = Release|Any CPU
	EndGlobalSection
	GlobalSection(ProjectConfigurationPlatforms) = postSolution
		{DAB47F7E-6AE1-4EF6-925D-05AAC25562C9}.Debug|Any CPU.ActiveCfg = Debug|Any CPU
		{DAB47F7E-6AE1-4EF6-925D-05AAC25562C9}.Debug|Any CPU.Build.0 = Debug|Any CPU
		{DAB47F7E-6AE1-4EF6-925D-05AAC25562C9}.Release|Any CPU.ActiveCfg = Release|Any CPU
		{DAB47F7E-6AE1-4EF6-925D-05AAC25562C9}.Release|Any CPU.Build.0 = Release|Any CPU
		{5686178F-5EA8-434D-ACCC-B524D1D1115E}.Debug|Any CPU.ActiveCfg = Debug|Any CPU
		{5686178F-5EA8-434D-ACCC-B524D1D1115E}.Debug|Any CPU.Build.0 = Debug|Any CPU
		{5686178F-5EA8-434D-ACCC-B524D1D1115E}.Release|Any CPU.ActiveCfg = Release|Any CPU
		{5686178F-5EA8-434D-ACCC-B524D1D1115E}.Release|Any CPU.Build.0 = Release|Any CPU
		{8CC4596B-7D9A-46D9-88BC-928F35137E8C}.Debug|Any CPU.ActiveCfg = Debug|Any CPU
		{8CC4596B-7D9A-46D9-88BC-928F35137E8C}.Debug|Any CPU.Build.0 = Debug|Any CPU
		{8CC4596B-7D9A-46D9-88BC-928F35137E8C}.Release|Any CPU.ActiveCfg = Release|Any CPU
		{8CC4596B-7D9A-46D9-88BC-928F35137E8C}.Release|Any CPU.Build.0 = Release|Any CPU
	EndGlobalSection
	GlobalSection(SolutionProperties) = preSolution
		HideSolutionNode = FALSE
	EndGlobalSection
	GlobalSection(ExtensibilityGlobals) = postSolution
		SolutionGuid = {925967DD-89DF-42B5-8904-D2D750336BF2}
	EndGlobalSection
EndGlobal
